// !$*UTF8*$!
{
	archiveVersion = 1;
	classes = {
	};
	objectVersion = 55;
	objects = {

/* Begin PBXBuildFile section */
		18249D4F280575A5000F2C7B /* AppDelegate.swift in Sources */ = {isa = PBXBuildFile; fileRef = 18249D4E280575A5000F2C7B /* AppDelegate.swift */; };
		18249D51280575A5000F2C7B /* SceneDelegate.swift in Sources */ = {isa = PBXBuildFile; fileRef = 18249D50280575A5000F2C7B /* SceneDelegate.swift */; };
		18249D53280575A5000F2C7B /* PaintViewController.swift in Sources */ = {isa = PBXBuildFile; fileRef = 18249D52280575A5000F2C7B /* PaintViewController.swift */; };
		18249D56280575A5000F2C7B /* Main.storyboard in Resources */ = {isa = PBXBuildFile; fileRef = 18249D54280575A5000F2C7B /* Main.storyboard */; };
		18249D58280575A8000F2C7B /* Assets.xcassets in Resources */ = {isa = PBXBuildFile; fileRef = 18249D57280575A8000F2C7B /* Assets.xcassets */; };
		18249D5B280575A8000F2C7B /* LaunchScreen.storyboard in Resources */ = {isa = PBXBuildFile; fileRef = 18249D59280575A8000F2C7B /* LaunchScreen.storyboard */; };
		18249D66280575A8000F2C7B /* WallPaintTests.swift in Sources */ = {isa = PBXBuildFile; fileRef = 18249D65280575A8000F2C7B /* WallPaintTests.swift */; };
		18249D70280575A8000F2C7B /* WallPaintUITests.swift in Sources */ = {isa = PBXBuildFile; fileRef = 18249D6F280575A8000F2C7B /* WallPaintUITests.swift */; };
		18249D72280575A8000F2C7B /* WallPaintUITestsLaunchTests.swift in Sources */ = {isa = PBXBuildFile; fileRef = 18249D71280575A8000F2C7B /* WallPaintUITestsLaunchTests.swift */; };
		18249D8828058457000F2C7B /* ChromaAddButton.swift in Sources */ = {isa = PBXBuildFile; fileRef = 18249D8328058456000F2C7B /* ChromaAddButton.swift */; };
		18249D8928058457000F2C7B /* ChromaColorPicker.swift in Sources */ = {isa = PBXBuildFile; fileRef = 18249D8428058456000F2C7B /* ChromaColorPicker.swift */; };
		18249D8A28058457000F2C7B /* ChromaHandle.swift in Sources */ = {isa = PBXBuildFile; fileRef = 18249D8528058456000F2C7B /* ChromaHandle.swift */; };
		18249D8B28058457000F2C7B /* ChromaShadeSlider.swift in Sources */ = {isa = PBXBuildFile; fileRef = 18249D8628058457000F2C7B /* ChromaShadeSlider.swift */; };
		18249D8C28058457000F2C7B /* ColorModeToggleButton.swift in Sources */ = {isa = PBXBuildFile; fileRef = 18249D8728058457000F2C7B /* ColorModeToggleButton.swift */; };
		18249D90280584D7000F2C7B /* WallPainter.cpp in Sources */ = {isa = PBXBuildFile; fileRef = 18249D8E280584D7000F2C7B /* WallPainter.cpp */; };
		18249D9228058578000F2C7B /* WallPainterBridge.mm in Sources */ = {isa = PBXBuildFile; fileRef = 18249D9128058578000F2C7B /* WallPainterBridge.mm */; };
		18249D942805868A000F2C7B /* UIColor+Utilities.swift in Sources */ = {isa = PBXBuildFile; fileRef = 18249D932805868A000F2C7B /* UIColor+Utilities.swift */; };
		18249D96280587AC000F2C7B /* opencv2.framework in Frameworks */ = {isa = PBXBuildFile; fileRef = 18249D95280587AC000F2C7B /* opencv2.framework */; };
/* End PBXBuildFile section */

/* Begin PBXContainerItemProxy section */
		18249D62280575A8000F2C7B /* PBXContainerItemProxy */ = {
			isa = PBXContainerItemProxy;
			containerPortal = 18249D43280575A5000F2C7B /* Project object */;
			proxyType = 1;
			remoteGlobalIDString = 18249D4A280575A5000F2C7B;
			remoteInfo = WallPaint;
		};
		18249D6C280575A8000F2C7B /* PBXContainerItemProxy */ = {
			isa = PBXContainerItemProxy;
			containerPortal = 18249D43280575A5000F2C7B /* Project object */;
			proxyType = 1;
			remoteGlobalIDString = 18249D4A280575A5000F2C7B;
			remoteInfo = WallPaint;
		};
/* End PBXContainerItemProxy section */

/* Begin PBXFileReference section */
		18249D4B280575A5000F2C7B /* WallPaint.app */ = {isa = PBXFileReference; explicitFileType = wrapper.application; includeInIndex = 0; path = WallPaint.app; sourceTree = BUILT_PRODUCTS_DIR; };
		18249D4E280575A5000F2C7B /* AppDelegate.swift */ = {isa = PBXFileReference; lastKnownFileType = sourcecode.swift; path = AppDelegate.swift; sourceTree = "<group>"; };
		18249D50280575A5000F2C7B /* SceneDelegate.swift */ = {isa = PBXFileReference; lastKnownFileType = sourcecode.swift; path = SceneDelegate.swift; sourceTree = "<group>"; };
		18249D52280575A5000F2C7B /* PaintViewController.swift */ = {isa = PBXFileReference; lastKnownFileType = sourcecode.swift; path = PaintViewController.swift; sourceTree = "<group>"; };
		18249D55280575A5000F2C7B /* Base */ = {isa = PBXFileReference; lastKnownFileType = file.storyboard; name = Base; path = Base.lproj/Main.storyboard; sourceTree = "<group>"; };
		18249D57280575A8000F2C7B /* Assets.xcassets */ = {isa = PBXFileReference; lastKnownFileType = folder.assetcatalog; path = Assets.xcassets; sourceTree = "<group>"; };
		18249D5A280575A8000F2C7B /* Base */ = {isa = PBXFileReference; lastKnownFileType = file.storyboard; name = Base; path = Base.lproj/LaunchScreen.storyboard; sourceTree = "<group>"; };
		18249D5C280575A8000F2C7B /* Info.plist */ = {isa = PBXFileReference; lastKnownFileType = text.plist.xml; path = Info.plist; sourceTree = "<group>"; };
		18249D61280575A8000F2C7B /* WallPaintTests.xctest */ = {isa = PBXFileReference; explicitFileType = wrapper.cfbundle; includeInIndex = 0; path = WallPaintTests.xctest; sourceTree = BUILT_PRODUCTS_DIR; };
		18249D65280575A8000F2C7B /* WallPaintTests.swift */ = {isa = PBXFileReference; lastKnownFileType = sourcecode.swift; path = WallPaintTests.swift; sourceTree = "<group>"; };
		18249D6B280575A8000F2C7B /* WallPaintUITests.xctest */ = {isa = PBXFileReference; explicitFileType = wrapper.cfbundle; includeInIndex = 0; path = WallPaintUITests.xctest; sourceTree = BUILT_PRODUCTS_DIR; };
		18249D6F280575A8000F2C7B /* WallPaintUITests.swift */ = {isa = PBXFileReference; lastKnownFileType = sourcecode.swift; path = WallPaintUITests.swift; sourceTree = "<group>"; };
		18249D71280575A8000F2C7B /* WallPaintUITestsLaunchTests.swift */ = {isa = PBXFileReference; lastKnownFileType = sourcecode.swift; path = WallPaintUITestsLaunchTests.swift; sourceTree = "<group>"; };
		18249D8328058456000F2C7B /* ChromaAddButton.swift */ = {isa = PBXFileReference; fileEncoding = 4; lastKnownFileType = sourcecode.swift; path = ChromaAddButton.swift; sourceTree = "<group>"; };
		18249D8428058456000F2C7B /* ChromaColorPicker.swift */ = {isa = PBXFileReference; fileEncoding = 4; lastKnownFileType = sourcecode.swift; path = ChromaColorPicker.swift; sourceTree = "<group>"; };
		18249D8528058456000F2C7B /* ChromaHandle.swift */ = {isa = PBXFileReference; fileEncoding = 4; lastKnownFileType = sourcecode.swift; path = ChromaHandle.swift; sourceTree = "<group>"; };
		18249D8628058457000F2C7B /* ChromaShadeSlider.swift */ = {isa = PBXFileReference; fileEncoding = 4; lastKnownFileType = sourcecode.swift; path = ChromaShadeSlider.swift; sourceTree = "<group>"; };
		18249D8728058457000F2C7B /* ColorModeToggleButton.swift */ = {isa = PBXFileReference; fileEncoding = 4; lastKnownFileType = sourcecode.swift; path = ColorModeToggleButton.swift; sourceTree = "<group>"; };
		18249D8D280584D6000F2C7B /* WallPaint-Bridging-Header.h */ = {isa = PBXFileReference; lastKnownFileType = sourcecode.c.h; path = "WallPaint-Bridging-Header.h"; sourceTree = "<group>"; };
		18249D8E280584D7000F2C7B /* WallPainter.cpp */ = {isa = PBXFileReference; lastKnownFileType = sourcecode.cpp.cpp; path = WallPainter.cpp; sourceTree = "<group>"; };
		18249D8F280584D7000F2C7B /* WallPainter.hpp */ = {isa = PBXFileReference; lastKnownFileType = sourcecode.cpp.h; path = WallPainter.hpp; sourceTree = "<group>"; };
		18249D9128058578000F2C7B /* WallPainterBridge.mm */ = {isa = PBXFileReference; explicitFileType = sourcecode.cpp.objcpp; path = WallPainterBridge.mm; sourceTree = "<group>"; };
		18249D932805868A000F2C7B /* UIColor+Utilities.swift */ = {isa = PBXFileReference; fileEncoding = 4; lastKnownFileType = sourcecode.swift; path = "UIColor+Utilities.swift"; sourceTree = "<group>"; };
		18249D95280587AC000F2C7B /* opencv2.framework */ = {isa = PBXFileReference; lastKnownFileType = wrapper.framework; path = opencv2.framework; sourceTree = "<group>"; };
		18249D9728058C5F000F2C7B /* WallPainterBridge.h */ = {isa = PBXFileReference; lastKnownFileType = sourcecode.c.h; path = WallPainterBridge.h; sourceTree = "<group>"; };
/* End PBXFileReference section */

/* Begin PBXFrameworksBuildPhase section */
		18249D48280575A5000F2C7B /* Frameworks */ = {
			isa = PBXFrameworksBuildPhase;
			buildActionMask = 2147483647;
			files = (
				18249D96280587AC000F2C7B /* opencv2.framework in Frameworks */,
			);
			runOnlyForDeploymentPostprocessing = 0;
		};
		18249D5E280575A8000F2C7B /* Frameworks */ = {
			isa = PBXFrameworksBuildPhase;
			buildActionMask = 2147483647;
			files = (
			);
			runOnlyForDeploymentPostprocessing = 0;
		};
		18249D68280575A8000F2C7B /* Frameworks */ = {
			isa = PBXFrameworksBuildPhase;
			buildActionMask = 2147483647;
			files = (
			);
			runOnlyForDeploymentPostprocessing = 0;
		};
/* End PBXFrameworksBuildPhase section */

/* Begin PBXGroup section */
		18249D42280575A5000F2C7B = {
			isa = PBXGroup;
			children = (
				18249D4D280575A5000F2C7B /* WallPaint */,
				18249D64280575A8000F2C7B /* WallPaintTests */,
				18249D6E280575A8000F2C7B /* WallPaintUITests */,
				18249D95280587AC000F2C7B /* opencv2.framework */,
				18249D4C280575A5000F2C7B /* Products */,
			);
			sourceTree = "<group>";
		};
		18249D4C280575A5000F2C7B /* Products */ = {
			isa = PBXGroup;
			children = (
				18249D4B280575A5000F2C7B /* WallPaint.app */,
				18249D61280575A8000F2C7B /* WallPaintTests.xctest */,
				18249D6B280575A8000F2C7B /* WallPaintUITests.xctest */,
			);
			name = Products;
			sourceTree = "<group>";
		};
		18249D4D280575A5000F2C7B /* WallPaint */ = {
			isa = PBXGroup;
			children = (
				18249D822805842C000F2C7B /* Chroma Color Picker */,
				18249D4E280575A5000F2C7B /* AppDelegate.swift */,
				18249D50280575A5000F2C7B /* SceneDelegate.swift */,
				18249D52280575A5000F2C7B /* PaintViewController.swift */,
				18249D932805868A000F2C7B /* UIColor+Utilities.swift */,
				18249D54280575A5000F2C7B /* Main.storyboard */,
				18249D57280575A8000F2C7B /* Assets.xcassets */,
				18249D59280575A8000F2C7B /* LaunchScreen.storyboard */,
				18249D5C280575A8000F2C7B /* Info.plist */,
				18249D8E280584D7000F2C7B /* WallPainter.cpp */,
				18249D8F280584D7000F2C7B /* WallPainter.hpp */,
				18249D8D280584D6000F2C7B /* WallPaint-Bridging-Header.h */,
				18249D9128058578000F2C7B /* WallPainterBridge.mm */,
				18249D9728058C5F000F2C7B /* WallPainterBridge.h */,
			);
			path = WallPaint;
			sourceTree = "<group>";
		};
		18249D64280575A8000F2C7B /* WallPaintTests */ = {
			isa = PBXGroup;
			children = (
				18249D65280575A8000F2C7B /* WallPaintTests.swift */,
			);
			path = WallPaintTests;
			sourceTree = "<group>";
		};
		18249D6E280575A8000F2C7B /* WallPaintUITests */ = {
			isa = PBXGroup;
			children = (
				18249D6F280575A8000F2C7B /* WallPaintUITests.swift */,
				18249D71280575A8000F2C7B /* WallPaintUITestsLaunchTests.swift */,
			);
			path = WallPaintUITests;
			sourceTree = "<group>";
		};
		18249D822805842C000F2C7B /* Chroma Color Picker */ = {
			isa = PBXGroup;
			children = (
				18249D8328058456000F2C7B /* ChromaAddButton.swift */,
				18249D8428058456000F2C7B /* ChromaColorPicker.swift */,
				18249D8528058456000F2C7B /* ChromaHandle.swift */,
				18249D8628058457000F2C7B /* ChromaShadeSlider.swift */,
				18249D8728058457000F2C7B /* ColorModeToggleButton.swift */,
			);
			path = "Chroma Color Picker";
			sourceTree = "<group>";
		};
/* End PBXGroup section */

/* Begin PBXNativeTarget section */
		18249D4A280575A5000F2C7B /* WallPaint */ = {
			isa = PBXNativeTarget;
			buildConfigurationList = 18249D75280575A8000F2C7B /* Build configuration list for PBXNativeTarget "WallPaint" */;
			buildPhases = (
				18249D47280575A5000F2C7B /* Sources */,
				18249D48280575A5000F2C7B /* Frameworks */,
				18249D49280575A5000F2C7B /* Resources */,
			);
			buildRules = (
			);
			dependencies = (
			);
			name = WallPaint;
			productName = WallPaint;
			productReference = 18249D4B280575A5000F2C7B /* WallPaint.app */;
			productType = "com.apple.product-type.application";
		};
		18249D60280575A8000F2C7B /* WallPaintTests */ = {
			isa = PBXNativeTarget;
			buildConfigurationList = 18249D78280575A8000F2C7B /* Build configuration list for PBXNativeTarget "WallPaintTests" */;
			buildPhases = (
				18249D5D280575A8000F2C7B /* Sources */,
				18249D5E280575A8000F2C7B /* Frameworks */,
				18249D5F280575A8000F2C7B /* Resources */,
			);
			buildRules = (
			);
			dependencies = (
				18249D63280575A8000F2C7B /* PBXTargetDependency */,
			);
			name = WallPaintTests;
			productName = WallPaintTests;
			productReference = 18249D61280575A8000F2C7B /* WallPaintTests.xctest */;
			productType = "com.apple.product-type.bundle.unit-test";
		};
		18249D6A280575A8000F2C7B /* WallPaintUITests */ = {
			isa = PBXNativeTarget;
			buildConfigurationList = 18249D7B280575A8000F2C7B /* Build configuration list for PBXNativeTarget "WallPaintUITests" */;
			buildPhases = (
				18249D67280575A8000F2C7B /* Sources */,
				18249D68280575A8000F2C7B /* Frameworks */,
				18249D69280575A8000F2C7B /* Resources */,
			);
			buildRules = (
			);
			dependencies = (
				18249D6D280575A8000F2C7B /* PBXTargetDependency */,
			);
			name = WallPaintUITests;
			productName = WallPaintUITests;
			productReference = 18249D6B280575A8000F2C7B /* WallPaintUITests.xctest */;
			productType = "com.apple.product-type.bundle.ui-testing";
		};
/* End PBXNativeTarget section */

/* Begin PBXProject section */
		18249D43280575A5000F2C7B /* Project object */ = {
			isa = PBXProject;
			attributes = {
				BuildIndependentTargetsInParallel = 1;
				LastSwiftUpdateCheck = 1330;
				LastUpgradeCheck = 1330;
				TargetAttributes = {
					18249D4A280575A5000F2C7B = {
						CreatedOnToolsVersion = 13.3;
						LastSwiftMigration = 1330;
					};
					18249D60280575A8000F2C7B = {
						CreatedOnToolsVersion = 13.3;
						TestTargetID = 18249D4A280575A5000F2C7B;
					};
					18249D6A280575A8000F2C7B = {
						CreatedOnToolsVersion = 13.3;
						TestTargetID = 18249D4A280575A5000F2C7B;
					};
				};
			};
			buildConfigurationList = 18249D46280575A5000F2C7B /* Build configuration list for PBXProject "WallPaint" */;
			compatibilityVersion = "Xcode 13.0";
			developmentRegion = en;
			hasScannedForEncodings = 0;
			knownRegions = (
				en,
				Base,
			);
			mainGroup = 18249D42280575A5000F2C7B;
			productRefGroup = 18249D4C280575A5000F2C7B /* Products */;
			projectDirPath = "";
			projectRoot = "";
			targets = (
				18249D4A280575A5000F2C7B /* WallPaint */,
				18249D60280575A8000F2C7B /* WallPaintTests */,
				18249D6A280575A8000F2C7B /* WallPaintUITests */,
			);
		};
/* End PBXProject section */

/* Begin PBXResourcesBuildPhase section */
		18249D49280575A5000F2C7B /* Resources */ = {
			isa = PBXResourcesBuildPhase;
			buildActionMask = 2147483647;
			files = (
				18249D5B280575A8000F2C7B /* LaunchScreen.storyboard in Resources */,
				18249D58280575A8000F2C7B /* Assets.xcassets in Resources */,
				18249D56280575A5000F2C7B /* Main.storyboard in Resources */,
			);
			runOnlyForDeploymentPostprocessing = 0;
		};
		18249D5F280575A8000F2C7B /* Resources */ = {
			isa = PBXResourcesBuildPhase;
			buildActionMask = 2147483647;
			files = (
			);
			runOnlyForDeploymentPostprocessing = 0;
		};
		18249D69280575A8000F2C7B /* Resources */ = {
			isa = PBXResourcesBuildPhase;
			buildActionMask = 2147483647;
			files = (
			);
			runOnlyForDeploymentPostprocessing = 0;
		};
/* End PBXResourcesBuildPhase section */

/* Begin PBXSourcesBuildPhase section */
		18249D47280575A5000F2C7B /* Sources */ = {
			isa = PBXSourcesBuildPhase;
			buildActionMask = 2147483647;
			files = (
				18249D90280584D7000F2C7B /* WallPainter.cpp in Sources */,
				18249D8C28058457000F2C7B /* ColorModeToggleButton.swift in Sources */,
				18249D9228058578000F2C7B /* WallPainterBridge.mm in Sources */,
				18249D53280575A5000F2C7B /* PaintViewController.swift in Sources */,
				18249D4F280575A5000F2C7B /* AppDelegate.swift in Sources */,
				18249D942805868A000F2C7B /* UIColor+Utilities.swift in Sources */,
				18249D8B28058457000F2C7B /* ChromaShadeSlider.swift in Sources */,
				18249D8928058457000F2C7B /* ChromaColorPicker.swift in Sources */,
				18249D51280575A5000F2C7B /* SceneDelegate.swift in Sources */,
				18249D8828058457000F2C7B /* ChromaAddButton.swift in Sources */,
				18249D8A28058457000F2C7B /* ChromaHandle.swift in Sources */,
			);
			runOnlyForDeploymentPostprocessing = 0;
		};
		18249D5D280575A8000F2C7B /* Sources */ = {
			isa = PBXSourcesBuildPhase;
			buildActionMask = 2147483647;
			files = (
				18249D66280575A8000F2C7B /* WallPaintTests.swift in Sources */,
			);
			runOnlyForDeploymentPostprocessing = 0;
		};
		18249D67280575A8000F2C7B /* Sources */ = {
			isa = PBXSourcesBuildPhase;
			buildActionMask = 2147483647;
			files = (
				18249D70280575A8000F2C7B /* WallPaintUITests.swift in Sources */,
				18249D72280575A8000F2C7B /* WallPaintUITestsLaunchTests.swift in Sources */,
			);
			runOnlyForDeploymentPostprocessing = 0;
		};
/* End PBXSourcesBuildPhase section */

/* Begin PBXTargetDependency section */
		18249D63280575A8000F2C7B /* PBXTargetDependency */ = {
			isa = PBXTargetDependency;
			target = 18249D4A280575A5000F2C7B /* WallPaint */;
			targetProxy = 18249D62280575A8000F2C7B /* PBXContainerItemProxy */;
		};
		18249D6D280575A8000F2C7B /* PBXTargetDependency */ = {
			isa = PBXTargetDependency;
			target = 18249D4A280575A5000F2C7B /* WallPaint */;
			targetProxy = 18249D6C280575A8000F2C7B /* PBXContainerItemProxy */;
		};
/* End PBXTargetDependency section */

/* Begin PBXVariantGroup section */
		18249D54280575A5000F2C7B /* Main.storyboard */ = {
			isa = PBXVariantGroup;
			children = (
				18249D55280575A5000F2C7B /* Base */,
			);
			name = Main.storyboard;
			sourceTree = "<group>";
		};
		18249D59280575A8000F2C7B /* LaunchScreen.storyboard */ = {
			isa = PBXVariantGroup;
			children = (
				18249D5A280575A8000F2C7B /* Base */,
			);
			name = LaunchScreen.storyboard;
			sourceTree = "<group>";
		};
/* End PBXVariantGroup section */

/* Begin XCBuildConfiguration section */
		18249D73280575A8000F2C7B /* Debug */ = {
			isa = XCBuildConfiguration;
			buildSettings = {
				ALWAYS_SEARCH_USER_PATHS = NO;
				CLANG_ANALYZER_NONNULL = YES;
				CLANG_ANALYZER_NUMBER_OBJECT_CONVERSION = YES_AGGRESSIVE;
				CLANG_CXX_LANGUAGE_STANDARD = "gnu++17";
				CLANG_ENABLE_MODULES = YES;
				CLANG_ENABLE_OBJC_ARC = YES;
				CLANG_ENABLE_OBJC_WEAK = YES;
				CLANG_WARN_BLOCK_CAPTURE_AUTORELEASING = YES;
				CLANG_WARN_BOOL_CONVERSION = YES;
				CLANG_WARN_COMMA = YES;
				CLANG_WARN_CONSTANT_CONVERSION = YES;
				CLANG_WARN_DEPRECATED_OBJC_IMPLEMENTATIONS = YES;
				CLANG_WARN_DIRECT_OBJC_ISA_USAGE = YES_ERROR;
				CLANG_WARN_DOCUMENTATION_COMMENTS = YES;
				CLANG_WARN_EMPTY_BODY = YES;
				CLANG_WARN_ENUM_CONVERSION = YES;
				CLANG_WARN_INFINITE_RECURSION = YES;
				CLANG_WARN_INT_CONVERSION = YES;
				CLANG_WARN_NON_LITERAL_NULL_CONVERSION = YES;
				CLANG_WARN_OBJC_IMPLICIT_RETAIN_SELF = YES;
				CLANG_WARN_OBJC_LITERAL_CONVERSION = YES;
				CLANG_WARN_OBJC_ROOT_CLASS = YES_ERROR;
				CLANG_WARN_QUOTED_INCLUDE_IN_FRAMEWORK_HEADER = YES;
				CLANG_WARN_RANGE_LOOP_ANALYSIS = YES;
				CLANG_WARN_STRICT_PROTOTYPES = YES;
				CLANG_WARN_SUSPICIOUS_MOVE = YES;
				CLANG_WARN_UNGUARDED_AVAILABILITY = YES_AGGRESSIVE;
				CLANG_WARN_UNREACHABLE_CODE = YES;
				CLANG_WARN__DUPLICATE_METHOD_MATCH = YES;
				COPY_PHASE_STRIP = NO;
				DEBUG_INFORMATION_FORMAT = dwarf;
				ENABLE_STRICT_OBJC_MSGSEND = YES;
				ENABLE_TESTABILITY = YES;
				GCC_C_LANGUAGE_STANDARD = gnu11;
				GCC_DYNAMIC_NO_PIC = NO;
				GCC_NO_COMMON_BLOCKS = YES;
				GCC_OPTIMIZATION_LEVEL = 0;
				GCC_PREPROCESSOR_DEFINITIONS = (
					"DEBUG=1",
					"$(inherited)",
				);
				GCC_WARN_64_TO_32_BIT_CONVERSION = YES;
				GCC_WARN_ABOUT_RETURN_TYPE = YES_ERROR;
				GCC_WARN_UNDECLARED_SELECTOR = YES;
				GCC_WARN_UNINITIALIZED_AUTOS = YES_AGGRESSIVE;
				GCC_WARN_UNUSED_FUNCTION = YES;
				GCC_WARN_UNUSED_VARIABLE = YES;
				IPHONEOS_DEPLOYMENT_TARGET = 13.0;
				MTL_ENABLE_DEBUG_INFO = INCLUDE_SOURCE;
				MTL_FAST_MATH = YES;
				ONLY_ACTIVE_ARCH = YES;
				SDKROOT = iphoneos;
				SWIFT_ACTIVE_COMPILATION_CONDITIONS = DEBUG;
				SWIFT_OPTIMIZATION_LEVEL = "-Onone";
			};
			name = Debug;
		};
		18249D74280575A8000F2C7B /* Release */ = {
			isa = XCBuildConfiguration;
			buildSettings = {
				ALWAYS_SEARCH_USER_PATHS = NO;
				CLANG_ANALYZER_NONNULL = YES;
				CLANG_ANALYZER_NUMBER_OBJECT_CONVERSION = YES_AGGRESSIVE;
				CLANG_CXX_LANGUAGE_STANDARD = "gnu++17";
				CLANG_ENABLE_MODULES = YES;
				CLANG_ENABLE_OBJC_ARC = YES;
				CLANG_ENABLE_OBJC_WEAK = YES;
				CLANG_WARN_BLOCK_CAPTURE_AUTORELEASING = YES;
				CLANG_WARN_BOOL_CONVERSION = YES;
				CLANG_WARN_COMMA = YES;
				CLANG_WARN_CONSTANT_CONVERSION = YES;
				CLANG_WARN_DEPRECATED_OBJC_IMPLEMENTATIONS = YES;
				CLANG_WARN_DIRECT_OBJC_ISA_USAGE = YES_ERROR;
				CLANG_WARN_DOCUMENTATION_COMMENTS = YES;
				CLANG_WARN_EMPTY_BODY = YES;
				CLANG_WARN_ENUM_CONVERSION = YES;
				CLANG_WARN_INFINITE_RECURSION = YES;
				CLANG_WARN_INT_CONVERSION = YES;
				CLANG_WARN_NON_LITERAL_NULL_CONVERSION = YES;
				CLANG_WARN_OBJC_IMPLICIT_RETAIN_SELF = YES;
				CLANG_WARN_OBJC_LITERAL_CONVERSION = YES;
				CLANG_WARN_OBJC_ROOT_CLASS = YES_ERROR;
				CLANG_WARN_QUOTED_INCLUDE_IN_FRAMEWORK_HEADER = YES;
				CLANG_WARN_RANGE_LOOP_ANALYSIS = YES;
				CLANG_WARN_STRICT_PROTOTYPES = YES;
				CLANG_WARN_SUSPICIOUS_MOVE = YES;
				CLANG_WARN_UNGUARDED_AVAILABILITY = YES_AGGRESSIVE;
				CLANG_WARN_UNREACHABLE_CODE = YES;
				CLANG_WARN__DUPLICATE_METHOD_MATCH = YES;
				COPY_PHASE_STRIP = NO;
				DEBUG_INFORMATION_FORMAT = "dwarf-with-dsym";
				ENABLE_NS_ASSERTIONS = NO;
				ENABLE_STRICT_OBJC_MSGSEND = YES;
				GCC_C_LANGUAGE_STANDARD = gnu11;
				GCC_NO_COMMON_BLOCKS = YES;
				GCC_WARN_64_TO_32_BIT_CONVERSION = YES;
				GCC_WARN_ABOUT_RETURN_TYPE = YES_ERROR;
				GCC_WARN_UNDECLARED_SELECTOR = YES;
				GCC_WARN_UNINITIALIZED_AUTOS = YES_AGGRESSIVE;
				GCC_WARN_UNUSED_FUNCTION = YES;
				GCC_WARN_UNUSED_VARIABLE = YES;
				IPHONEOS_DEPLOYMENT_TARGET = 13.0;
				MTL_ENABLE_DEBUG_INFO = NO;
				MTL_FAST_MATH = YES;
				SDKROOT = iphoneos;
				SWIFT_COMPILATION_MODE = wholemodule;
				SWIFT_OPTIMIZATION_LEVEL = "-O";
				VALIDATE_PRODUCT = YES;
			};
			name = Release;
		};
		18249D76280575A8000F2C7B /* Debug */ = {
			isa = XCBuildConfiguration;
			buildSettings = {
				ASSETCATALOG_COMPILER_APPICON_NAME = AppIcon;
				ASSETCATALOG_COMPILER_GLOBAL_ACCENT_COLOR_NAME = AccentColor;
				CLANG_ENABLE_MODULES = YES;
				CODE_SIGN_IDENTITY = "Apple Development";
				CODE_SIGN_STYLE = Manual;
				CURRENT_PROJECT_VERSION = 1;
				DEVELOPMENT_TEAM = "";
				FRAMEWORK_SEARCH_PATHS = (
					"$(inherited)",
					"$(PROJECT_DIR)",
				);
				GENERATE_INFOPLIST_FILE = YES;
				INFOPLIST_FILE = WallPaint/Info.plist;
				INFOPLIST_KEY_UIApplicationSupportsIndirectInputEvents = YES;
				INFOPLIST_KEY_UILaunchStoryboardName = LaunchScreen;
				INFOPLIST_KEY_UIMainStoryboardFile = Main;
				INFOPLIST_KEY_UISupportedInterfaceOrientations = "UIInterfaceOrientationPortrait UIInterfaceOrientationLandscapeLeft UIInterfaceOrientationLandscapeRight";
				INFOPLIST_KEY_UISupportedInterfaceOrientations_iPad = "UIInterfaceOrientationPortrait UIInterfaceOrientationPortraitUpsideDown UIInterfaceOrientationLandscapeLeft UIInterfaceOrientationLandscapeRight";
				INFOPLIST_KEY_UISupportedInterfaceOrientations_iPhone = "UIInterfaceOrientationPortrait UIInterfaceOrientationLandscapeLeft UIInterfaceOrientationLandscapeRight";
				IPHONEOS_DEPLOYMENT_TARGET = 13.0;
				LD_RUNPATH_SEARCH_PATHS = (
					"$(inherited)",
					"@executable_path/Frameworks",
				);
				MARKETING_VERSION = 1.0;
				PRODUCT_BUNDLE_IDENTIFIER = com.test.wallpaint;
				PRODUCT_NAME = "$(TARGET_NAME)";
				PROVISIONING_PROFILE_SPECIFIER = "";
				SWIFT_EMIT_LOC_STRINGS = YES;
				SWIFT_OBJC_BRIDGING_HEADER = "WallPaint/WallPaint-Bridging-Header.h";
				SWIFT_OPTIMIZATION_LEVEL = "-Onone";
				SWIFT_VERSION = 5.0;
				TARGETED_DEVICE_FAMILY = "1,2";
			};
			name = Debug;
		};
		18249D77280575A8000F2C7B /* Release */ = {
			isa = XCBuildConfiguration;
			buildSettings = {
				ASSETCATALOG_COMPILER_APPICON_NAME = AppIcon;
				ASSETCATALOG_COMPILER_GLOBAL_ACCENT_COLOR_NAME = AccentColor;
				CLANG_ENABLE_MODULES = YES;
				CODE_SIGN_IDENTITY = "Apple Development";
				CODE_SIGN_STYLE = Manual;
				CURRENT_PROJECT_VERSION = 1;
				DEVELOPMENT_TEAM = "";
				FRAMEWORK_SEARCH_PATHS = (
					"$(inherited)",
					"$(PROJECT_DIR)",
				);
				GENERATE_INFOPLIST_FILE = YES;
				INFOPLIST_FILE = WallPaint/Info.plist;
				INFOPLIST_KEY_UIApplicationSupportsIndirectInputEvents = YES;
				INFOPLIST_KEY_UILaunchStoryboardName = LaunchScreen;
				INFOPLIST_KEY_UIMainStoryboardFile = Main;
				INFOPLIST_KEY_UISupportedInterfaceOrientations = "UIInterfaceOrientationPortrait UIInterfaceOrientationLandscapeLeft UIInterfaceOrientationLandscapeRight";
				INFOPLIST_KEY_UISupportedInterfaceOrientations_iPad = "UIInterfaceOrientationPortrait UIInterfaceOrientationPortraitUpsideDown UIInterfaceOrientationLandscapeLeft UIInterfaceOrientationLandscapeRight";
				INFOPLIST_KEY_UISupportedInterfaceOrientations_iPhone = "UIInterfaceOrientationPortrait UIInterfaceOrientationLandscapeLeft UIInterfaceOrientationLandscapeRight";
				IPHONEOS_DEPLOYMENT_TARGET = 13.0;
				LD_RUNPATH_SEARCH_PATHS = (
					"$(inherited)",
					"@executable_path/Frameworks",
				);
				MARKETING_VERSION = 1.0;
				PRODUCT_BUNDLE_IDENTIFIER = com.test.wallpaint;
				PRODUCT_NAME = "$(TARGET_NAME)";
				PROVISIONING_PROFILE_SPECIFIER = "";
				SWIFT_EMIT_LOC_STRINGS = YES;
				SWIFT_OBJC_BRIDGING_HEADER = "WallPaint/WallPaint-Bridging-Header.h";
				SWIFT_VERSION = 5.0;
				TARGETED_DEVICE_FAMILY = "1,2";
			};
			name = Release;
		};
		18249D79280575A8000F2C7B /* Debug */ = {
			isa = XCBuildConfiguration;
			buildSettings = {
				ALWAYS_EMBED_SWIFT_STANDARD_LIBRARIES = YES;
				BUNDLE_LOADER = "$(TEST_HOST)";
				CODE_SIGN_STYLE = Automatic;
				CURRENT_PROJECT_VERSION = 1;
				GENERATE_INFOPLIST_FILE = YES;
				IPHONEOS_DEPLOYMENT_TARGET = 15.4;
				MARKETING_VERSION = 1.0;
				PRODUCT_BUNDLE_IDENTIFIER = com.test.WallPaintTests;
				PRODUCT_NAME = "$(TARGET_NAME)";
				SWIFT_EMIT_LOC_STRINGS = NO;
				SWIFT_VERSION = 5.0;
				TARGETED_DEVICE_FAMILY = "1,2";
				TEST_HOST = "$(BUILT_PRODUCTS_DIR)/WallPaint.app/WallPaint";
			};
			name = Debug;
		};
		18249D7A280575A8000F2C7B /* Release */ = {
			isa = XCBuildConfiguration;
			buildSettings = {
				ALWAYS_EMBED_SWIFT_STANDARD_LIBRARIES = YES;
				BUNDLE_LOADER = "$(TEST_HOST)";
				CODE_SIGN_STYLE = Automatic;
				CURRENT_PROJECT_VERSION = 1;
				GENERATE_INFOPLIST_FILE = YES;
				IPHONEOS_DEPLOYMENT_TARGET = 15.4;
				MARKETING_VERSION = 1.0;
				PRODUCT_BUNDLE_IDENTIFIER = com.test.WallPaintTests;
				PRODUCT_NAME = "$(TARGET_NAME)";
				SWIFT_EMIT_LOC_STRINGS = NO;
				SWIFT_VERSION = 5.0;
				TARGETED_DEVICE_FAMILY = "1,2";
				TEST_HOST = "$(BUILT_PRODUCTS_DIR)/WallPaint.app/WallPaint";
			};
			name = Release;
		};
		18249D7C280575A8000F2C7B /* Debug */ = {
			isa = XCBuildConfiguration;
			buildSettings = {
				ALWAYS_EMBED_SWIFT_STANDARD_LIBRARIES = YES;
				CODE_SIGN_STYLE = Automatic;
				CURRENT_PROJECT_VERSION = 1;
				GENERATE_INFOPLIST_FILE = YES;
				MARKETING_VERSION = 1.0;
				PRODUCT_BUNDLE_IDENTIFIER = com.test.WallPaintUITests;
				PRODUCT_NAME = "$(TARGET_NAME)";
				SWIFT_EMIT_LOC_STRINGS = NO;
				SWIFT_VERSION = 5.0;
				TARGETED_DEVICE_FAMILY = "1,2";
				TEST_TARGET_NAME = WallPaint;
			};
			name = Debug;
		};
		18249D7D280575A8000F2C7B /* Release */ = {
			isa = XCBuildConfiguration;
			buildSettings = {
				ALWAYS_EMBED_SWIFT_STANDARD_LIBRARIES = YES;
				CODE_SIGN_STYLE = Automatic;
				CURRENT_PROJECT_VERSION = 1;
				GENERATE_INFOPLIST_FILE = YES;
				MARKETING_VERSION = 1.0;
				PRODUCT_BUNDLE_IDENTIFIER = com.test.WallPaintUITests;
				PRODUCT_NAME = "$(TARGET_NAME)";
				SWIFT_EMIT_LOC_STRINGS = NO;
				SWIFT_VERSION = 5.0;
				TARGETED_DEVICE_FAMILY = "1,2";
				TEST_TARGET_NAME = WallPaint;
			};
			name = Release;
		};
/* End XCBuildConfiguration section */

/* Begin XCConfigurationList section */
		18249D46280575A5000F2C7B /* Build configuration list for PBXProject "WallPaint" */ = {
			isa = XCConfigurationList;
			buildConfigurations = (
				18249D73280575A8000F2C7B /* Debug */,
				18249D74280575A8000F2C7B /* Release */,
			);
			defaultConfigurationIsVisible = 0;
			defaultConfigurationName = Release;
		};
		18249D75280575A8000F2C7B /* Build configuration list for PBXNativeTarget "WallPaint" */ = {
			isa = XCConfigurationList;
			buildConfigurations = (
				18249D76280575A8000F2C7B /* Debug */,
				18249D77280575A8000F2C7B /* Release */,
			);
			defaultConfigurationIsVisible = 0;
			defaultConfigurationName = Release;
		};
		18249D78280575A8000F2C7B /* Build configuration list for PBXNativeTarget "WallPaintTests" */ = {
			isa = XCConfigurationList;
			buildConfigurations = (
				18249D79280575A8000F2C7B /* Debug */,
				18249D7A280575A8000F2C7B /* Release */,
			);
			defaultConfigurationIsVisible = 0;
			defaultConfigurationName = Release;
		};
		18249D7B280575A8000F2C7B /* Build configuration list for PBXNativeTarget "WallPaintUITests" */ = {
			isa = XCConfigurationList;
			buildConfigurations = (
				18249D7C280575A8000F2C7B /* Debug */,
				18249D7D280575A8000F2C7B /* Release */,
			);
			defaultConfigurationIsVisible = 0;
			defaultConfigurationName = Release;
		};
/* End XCConfigurationList section */
	};
	rootObject = 18249D43280575A5000F2C7B /* Project object */;
}
